
Microsoft Visual Studio Solution File, Format Version 12.00
# Visual Studio 15
VisualStudioVersion = 15.0.26430.16
MinimumVisualStudioVersion = 10.0.40219.1
Project("{8BC9CEB8-8B4A-11D0-8D11-00A0C91BC942}") = "FINALS", "FINALS\FINALS.vcxproj", "{51D90E99-B2F0-45FA-82B9-7CD377FDFA0A}"
EndProject
Project("{8BC9CEB8-8B4A-11D0-8D11-00A0C91BC942}") = "main_2_02", "main_2_2\main_2_2.vcxproj", "{324836D7-3CD3-47A2-9146-898D42ED0C63}"
EndProject
Project("{8BC9CEB8-8B4A-11D0-8D11-00A0C91BC942}") = "main_2_03", "main_2_3\main_2_3.vcxproj", "{D269871B-FFB9-492B-86BF-027662AB11C3}"
EndProject
Project("{8BC9CEB8-8B4A-11D0-8D11-00A0C91BC942}") = "main_2_04", "main_2_4\main_2_4.vcxproj", "{D8CDBE97-45DE-4235-8ECA-279738831BCF}"
EndProject
Project("{8BC9CEB8-8B4A-11D0-8D11-00A0C91BC942}") = "main_2_05", "main_2_5\main_2_5.vcxproj", "{4642F1B1-DC80-4116-A8CF-AC2D276D6A9D}"
EndProject
Project("{8BC9CEB8-8B4A-11D0-8D11-00A0C91BC942}") = "main_2_06", "main\main.vcxproj", "{A61C891E-54A3-4006-A6CF-BAEA4826BD0F}"
EndProject
Project("{8BC9CEB8-8B4A-11D0-8D11-00A0C91BC942}") = "main_2_07", "main_2_7\main_2_7.vcxproj", "{0E806294-D6CA-46E7-AC03-0F33152759BB}"
EndProject
Project("{8BC9CEB8-8B4A-11D0-8D11-00A0C91BC942}") = "main_2_08", "main_2_8\main_2_8.vcxproj", "{E0138F0A-11B3-4841-91A5-7FD27E19774F}"
EndProject
Project("{8BC9CEB8-8B4A-11D0-8D11-00A0C91BC942}") = "main_2_09", "main_2_9\main_2_9.vcxproj", "{B97D3FFD-7714-4962-BADD-A2ABB46AE845}"
EndProject
Project("{8BC9CEB8-8B4A-11D0-8D11-00A0C91BC942}") = "main_2_10", "main_2_10\main_2_10.vcxproj", "{198CBC04-A242-46D2-BC95-7764AF307DC8}"
EndProject
Project("{8BC9CEB8-8B4A-11D0-8D11-00A0C91BC942}") = "main_2_11", "main_2_11\main_2_11.vcxproj", "{327B3645-6934-4638-90AF-EC021C471E9F}"
EndProject
Project("{8BC9CEB8-8B4A-11D0-8D11-00A0C91BC942}") = "main_2_12", "main_2_12\main_2_12.vcxproj", "{EDDB0BB8-0456-4489-BA3C-EA4DC4AB0279}"
EndProject
Project("{8BC9CEB8-8B4A-11D0-8D11-00A0C91BC942}") = "main_2_13", "main_2_13\main_2_13.vcxproj", "{2665E121-AE5C-4CA1-9091-27C112441829}"
EndProject
Project("{8BC9CEB8-8B4A-11D0-8D11-00A0C91BC942}") = "main_2_14", "main_2_14\main_2_14.vcxproj", "{6009001C-40B4-49B7-91D2-95E731951AA4}"
EndProject
Project("{8BC9CEB8-8B4A-11D0-8D11-00A0C91BC942}") = "main_2_15", "main_2_15\main_2_15.vcxproj", "{B2CBDE13-59D2-46B3-A730-BE12AE522C91}"
EndProject
Project("{8BC9CEB8-8B4A-11D0-8D11-00A0C91BC942}") = "main_2_45", "main_2_45\main_2_45.vcxproj", "{285327BD-5CBA-4087-A356-01941741863D}"
EndProject
Project("{8BC9CEB8-8B4A-11D0-8D11-00A0C91BC942}") = "main_2_17", "main_2_17\main_2_17.vcxproj", "{C04DFDD2-3675-42D9-9CC8-36C2FC21CB6E}"
EndProject
Project("{8BC9CEB8-8B4A-11D0-8D11-00A0C91BC942}") = "main_2_18", "main_2_18\main_2_18.vcxproj", "{2CA26E23-DDF7-4D46-B712-A9EB13DC60ED}"
EndProject
Project("{8BC9CEB8-8B4A-11D0-8D11-00A0C91BC942}") = "main_2_19", "main_2_19\main_2_19.vcxproj", "{11CC15C0-F033-4F44-9255-6F185704F5C7}"
EndProject
Project("{8BC9CEB8-8B4A-11D0-8D11-00A0C91BC942}") = "main_2_20", "main_2_20\main_2_20.vcxproj", "{7E9C442F-8FE8-4425-A797-C8EBB3C7197D}"
EndProject
Project("{8BC9CEB8-8B4A-11D0-8D11-00A0C91BC942}") = "main_2_21", "main_2_21\main_2_21.vcxproj", "{BAE5CD72-B97E-4F7A-B6B9-BEA3A34F5D75}"
EndProject
Project("{8BC9CEB8-8B4A-11D0-8D11-00A0C91BC942}") = "main_2_23", "main_2_23\main_2_23.vcxproj", "{3A5CA9C7-1956-4740-B04D-15FCCDF2393C}"
EndProject
Project("{8BC9CEB8-8B4A-11D0-8D11-00A0C91BC942}") = "main_2_22", "main_2_22\main_2_22.vcxproj", "{FA2DB27E-29CD-4B5A-B90C-C1018231E682}"
EndProject
Global
	GlobalSection(SolutionConfigurationPlatforms) = preSolution
		Debug|x64 = Debug|x64
		Debug|x86 = Debug|x86
		Release|x64 = Release|x64
		Release|x86 = Release|x86
	EndGlobalSection
	GlobalSection(ProjectConfigurationPlatforms) = postSolution
		{51D90E99-B2F0-45FA-82B9-7CD377FDFA0A}.Debug|x64.ActiveCfg = Debug|x64
		{51D90E99-B2F0-45FA-82B9-7CD377FDFA0A}.Debug|x64.Build.0 = Debug|x64
		{51D90E99-B2F0-45FA-82B9-7CD377FDFA0A}.Debug|x86.ActiveCfg = Debug|Win32
		{51D90E99-B2F0-45FA-82B9-7CD377FDFA0A}.Debug|x86.Build.0 = Debug|Win32
		{51D90E99-B2F0-45FA-82B9-7CD377FDFA0A}.Release|x64.ActiveCfg = Release|x64
		{51D90E99-B2F0-45FA-82B9-7CD377FDFA0A}.Release|x64.Build.0 = Release|x64
		{51D90E99-B2F0-45FA-82B9-7CD377FDFA0A}.Release|x86.ActiveCfg = Release|Win32
		{51D90E99-B2F0-45FA-82B9-7CD377FDFA0A}.Release|x86.Build.0 = Release|Win32
		{324836D7-3CD3-47A2-9146-898D42ED0C63}.Debug|x64.ActiveCfg = Debug|x64
		{324836D7-3CD3-47A2-9146-898D42ED0C63}.Debug|x64.Build.0 = Debug|x64
		{324836D7-3CD3-47A2-9146-898D42ED0C63}.Debug|x86.ActiveCfg = Debug|Win32
		{324836D7-3CD3-47A2-9146-898D42ED0C63}.Debug|x86.Build.0 = Debug|Win32
		{324836D7-3CD3-47A2-9146-898D42ED0C63}.Release|x64.ActiveCfg = Release|x64
		{324836D7-3CD3-47A2-9146-898D42ED0C63}.Release|x64.Build.0 = Release|x64
		{324836D7-3CD3-47A2-9146-898D42ED0C63}.Release|x86.ActiveCfg = Release|Win32
		{324836D7-3CD3-47A2-9146-898D42ED0C63}.Release|x86.Build.0 = Release|Win32
		{D269871B-FFB9-492B-86BF-027662AB11C3}.Debug|x64.ActiveCfg = Debug|x64
		{D269871B-FFB9-492B-86BF-027662AB11C3}.Debug|x64.Build.0 = Debug|x64
		{D269871B-FFB9-492B-86BF-027662AB11C3}.Debug|x86.ActiveCfg = Debug|Win32
		{D269871B-FFB9-492B-86BF-027662AB11C3}.Debug|x86.Build.0 = Debug|Win32
		{D269871B-FFB9-492B-86BF-027662AB11C3}.Release|x64.ActiveCfg = Release|x64
		{D269871B-FFB9-492B-86BF-027662AB11C3}.Release|x64.Build.0 = Release|x64
		{D269871B-FFB9-492B-86BF-027662AB11C3}.Release|x86.ActiveCfg = Release|Win32
		{D269871B-FFB9-492B-86BF-027662AB11C3}.Release|x86.Build.0 = Release|Win32
		{D8CDBE97-45DE-4235-8ECA-279738831BCF}.Debug|x64.ActiveCfg = Debug|x64
		{D8CDBE97-45DE-4235-8ECA-279738831BCF}.Debug|x64.Build.0 = Debug|x64
		{D8CDBE97-45DE-4235-8ECA-279738831BCF}.Debug|x86.ActiveCfg = Debug|Win32
		{D8CDBE97-45DE-4235-8ECA-279738831BCF}.Debug|x86.Build.0 = Debug|Win32
		{D8CDBE97-45DE-4235-8ECA-279738831BCF}.Release|x64.ActiveCfg = Release|x64
		{D8CDBE97-45DE-4235-8ECA-279738831BCF}.Release|x64.Build.0 = Release|x64
		{D8CDBE97-45DE-4235-8ECA-279738831BCF}.Release|x86.ActiveCfg = Release|Win32
		{D8CDBE97-45DE-4235-8ECA-279738831BCF}.Release|x86.Build.0 = Release|Win32
		{4642F1B1-DC80-4116-A8CF-AC2D276D6A9D}.Debug|x64.ActiveCfg = Debug|x64
		{4642F1B1-DC80-4116-A8CF-AC2D276D6A9D}.Debug|x64.Build.0 = Debug|x64
		{4642F1B1-DC80-4116-A8CF-AC2D276D6A9D}.Debug|x86.ActiveCfg = Debug|Win32
		{4642F1B1-DC80-4116-A8CF-AC2D276D6A9D}.Debug|x86.Build.0 = Debug|Win32
		{4642F1B1-DC80-4116-A8CF-AC2D276D6A9D}.Release|x64.ActiveCfg = Release|x64
		{4642F1B1-DC80-4116-A8CF-AC2D276D6A9D}.Release|x64.Build.0 = Release|x64
		{4642F1B1-DC80-4116-A8CF-AC2D276D6A9D}.Release|x86.ActiveCfg = Release|Win32
		{4642F1B1-DC80-4116-A8CF-AC2D276D6A9D}.Release|x86.Build.0 = Release|Win32
		{A61C891E-54A3-4006-A6CF-BAEA4826BD0F}.Debug|x64.ActiveCfg = Debug|x64
		{A61C891E-54A3-4006-A6CF-BAEA4826BD0F}.Debug|x64.Build.0 = Debug|x64
		{A61C891E-54A3-4006-A6CF-BAEA4826BD0F}.Debug|x86.ActiveCfg = Debug|Win32
		{A61C891E-54A3-4006-A6CF-BAEA4826BD0F}.Debug|x86.Build.0 = Debug|Win32
		{A61C891E-54A3-4006-A6CF-BAEA4826BD0F}.Release|x64.ActiveCfg = Release|x64
		{A61C891E-54A3-4006-A6CF-BAEA4826BD0F}.Release|x64.Build.0 = Release|x64
		{A61C891E-54A3-4006-A6CF-BAEA4826BD0F}.Release|x86.ActiveCfg = Release|Win32
		{A61C891E-54A3-4006-A6CF-BAEA4826BD0F}.Release|x86.Build.0 = Release|Win32
		{0E806294-D6CA-46E7-AC03-0F33152759BB}.Debug|x64.ActiveCfg = Debug|x64
		{0E806294-D6CA-46E7-AC03-0F33152759BB}.Debug|x64.Build.0 = Debug|x64
		{0E806294-D6CA-46E7-AC03-0F33152759BB}.Debug|x86.ActiveCfg = Debug|Win32
		{0E806294-D6CA-46E7-AC03-0F33152759BB}.Debug|x86.Build.0 = Debug|Win32
		{0E806294-D6CA-46E7-AC03-0F33152759BB}.Release|x64.ActiveCfg = Release|x64
		{0E806294-D6CA-46E7-AC03-0F33152759BB}.Release|x64.Build.0 = Release|x64
		{0E806294-D6CA-46E7-AC03-0F33152759BB}.Release|x86.ActiveCfg = Release|Win32
		{0E806294-D6CA-46E7-AC03-0F33152759BB}.Release|x86.Build.0 = Release|Win32
		{E0138F0A-11B3-4841-91A5-7FD27E19774F}.Debug|x64.ActiveCfg = Debug|x64
		{E0138F0A-11B3-4841-91A5-7FD27E19774F}.Debug|x64.Build.0 = Debug|x64
		{E0138F0A-11B3-4841-91A5-7FD27E19774F}.Debug|x86.ActiveCfg = Debug|Win32
		{E0138F0A-11B3-4841-91A5-7FD27E19774F}.Debug|x86.Build.0 = Debug|Win32
		{E0138F0A-11B3-4841-91A5-7FD27E19774F}.Release|x64.ActiveCfg = Release|x64
		{E0138F0A-11B3-4841-91A5-7FD27E19774F}.Release|x64.Build.0 = Release|x64
		{E0138F0A-11B3-4841-91A5-7FD27E19774F}.Release|x86.ActiveCfg = Release|Win32
		{E0138F0A-11B3-4841-91A5-7FD27E19774F}.Release|x86.Build.0 = Release|Win32
		{B97D3FFD-7714-4962-BADD-A2ABB46AE845}.Debug|x64.ActiveCfg = Debug|x64
		{B97D3FFD-7714-4962-BADD-A2ABB46AE845}.Debug|x64.Build.0 = Debug|x64
		{B97D3FFD-7714-4962-BADD-A2ABB46AE845}.Debug|x86.ActiveCfg = Debug|Win32
		{B97D3FFD-7714-4962-BADD-A2ABB46AE845}.Debug|x86.Build.0 = Debug|Win32
		{B97D3FFD-7714-4962-BADD-A2ABB46AE845}.Release|x64.ActiveCfg = Release|x64
		{B97D3FFD-7714-4962-BADD-A2ABB46AE845}.Release|x64.Build.0 = Release|x64
		{B97D3FFD-7714-4962-BADD-A2ABB46AE845}.Release|x86.ActiveCfg = Release|Win32
		{B97D3FFD-7714-4962-BADD-A2ABB46AE845}.Release|x86.Build.0 = Release|Win32
		{198CBC04-A242-46D2-BC95-7764AF307DC8}.Debug|x64.ActiveCfg = Debug|x64
		{198CBC04-A242-46D2-BC95-7764AF307DC8}.Debug|x64.Build.0 = Debug|x64
		{198CBC04-A242-46D2-BC95-7764AF307DC8}.Debug|x86.ActiveCfg = Debug|Win32
		{198CBC04-A242-46D2-BC95-7764AF307DC8}.Debug|x86.Build.0 = Debug|Win32
		{198CBC04-A242-46D2-BC95-7764AF307DC8}.Release|x64.ActiveCfg = Release|x64
		{198CBC04-A242-46D2-BC95-7764AF307DC8}.Release|x64.Build.0 = Release|x64
		{198CBC04-A242-46D2-BC95-7764AF307DC8}.Release|x86.ActiveCfg = Release|Win32
		{198CBC04-A242-46D2-BC95-7764AF307DC8}.Release|x86.Build.0 = Release|Win32
		{327B3645-6934-4638-90AF-EC021C471E9F}.Debug|x64.ActiveCfg = Debug|x64
		{327B3645-6934-4638-90AF-EC021C471E9F}.Debug|x64.Build.0 = Debug|x64
		{327B3645-6934-4638-90AF-EC021C471E9F}.Debug|x86.ActiveCfg = Debug|Win32
		{327B3645-6934-4638-90AF-EC021C471E9F}.Debug|x86.Build.0 = Debug|Win32
		{327B3645-6934-4638-90AF-EC021C471E9F}.Release|x64.ActiveCfg = Release|x64
		{327B3645-6934-4638-90AF-EC021C471E9F}.Release|x64.Build.0 = Release|x64
		{327B3645-6934-4638-90AF-EC021C471E9F}.Release|x86.ActiveCfg = Release|Win32
		{327B3645-6934-4638-90AF-EC021C471E9F}.Release|x86.Build.0 = Release|Win32
		{EDDB0BB8-0456-4489-BA3C-EA4DC4AB0279}.Debug|x64.ActiveCfg = Debug|x64
		{EDDB0BB8-0456-4489-BA3C-EA4DC4AB0279}.Debug|x64.Build.0 = Debug|x64
		{EDDB0BB8-0456-4489-BA3C-EA4DC4AB0279}.Debug|x86.ActiveCfg = Debug|Win32
		{EDDB0BB8-0456-4489-BA3C-EA4DC4AB0279}.Debug|x86.Build.0 = Debug|Win32
		{EDDB0BB8-0456-4489-BA3C-EA4DC4AB0279}.Release|x64.ActiveCfg = Release|x64
		{EDDB0BB8-0456-4489-BA3C-EA4DC4AB0279}.Release|x64.Build.0 = Release|x64
		{EDDB0BB8-0456-4489-BA3C-EA4DC4AB0279}.Release|x86.ActiveCfg = Release|Win32
		{EDDB0BB8-0456-4489-BA3C-EA4DC4AB0279}.Release|x86.Build.0 = Release|Win32
		{2665E121-AE5C-4CA1-9091-27C112441829}.Debug|x64.ActiveCfg = Debug|x64
		{2665E121-AE5C-4CA1-9091-27C112441829}.Debug|x64.Build.0 = Debug|x64
		{2665E121-AE5C-4CA1-9091-27C112441829}.Debug|x86.ActiveCfg = Debug|Win32
		{2665E121-AE5C-4CA1-9091-27C112441829}.Debug|x86.Build.0 = Debug|Win32
		{2665E121-AE5C-4CA1-9091-27C112441829}.Release|x64.ActiveCfg = Release|x64
		{2665E121-AE5C-4CA1-9091-27C112441829}.Release|x64.Build.0 = Release|x64
		{2665E121-AE5C-4CA1-9091-27C112441829}.Release|x86.ActiveCfg = Release|Win32
		{2665E121-AE5C-4CA1-9091-27C112441829}.Release|x86.Build.0 = Release|Win32
		{6009001C-40B4-49B7-91D2-95E731951AA4}.Debug|x64.ActiveCfg = Debug|x64
		{6009001C-40B4-49B7-91D2-95E731951AA4}.Debug|x64.Build.0 = Debug|x64
		{6009001C-40B4-49B7-91D2-95E731951AA4}.Debug|x86.ActiveCfg = Debug|Win32
		{6009001C-40B4-49B7-91D2-95E731951AA4}.Debug|x86.Build.0 = Debug|Win32
		{6009001C-40B4-49B7-91D2-95E731951AA4}.Release|x64.ActiveCfg = Release|x64
		{6009001C-40B4-49B7-91D2-95E731951AA4}.Release|x64.Build.0 = Release|x64
		{6009001C-40B4-49B7-91D2-95E731951AA4}.Release|x86.ActiveCfg = Release|Win32
		{6009001C-40B4-49B7-91D2-95E731951AA4}.Release|x86.Build.0 = Release|Win32
		{B2CBDE13-59D2-46B3-A730-BE12AE522C91}.Debug|x64.ActiveCfg = Debug|x64
		{B2CBDE13-59D2-46B3-A730-BE12AE522C91}.Debug|x64.Build.0 = Debug|x64
		{B2CBDE13-59D2-46B3-A730-BE12AE522C91}.Debug|x86.ActiveCfg = Debug|Win32
		{B2CBDE13-59D2-46B3-A730-BE12AE522C91}.Debug|x86.Build.0 = Debug|Win32
		{B2CBDE13-59D2-46B3-A730-BE12AE522C91}.Release|x64.ActiveCfg = Release|x64
		{B2CBDE13-59D2-46B3-A730-BE12AE522C91}.Release|x64.Build.0 = Release|x64
		{B2CBDE13-59D2-46B3-A730-BE12AE522C91}.Release|x86.ActiveCfg = Release|Win32
		{B2CBDE13-59D2-46B3-A730-BE12AE522C91}.Release|x86.Build.0 = Release|Win32
		{285327BD-5CBA-4087-A356-01941741863D}.Debug|x64.ActiveCfg = Debug|x64
		{285327BD-5CBA-4087-A356-01941741863D}.Debug|x64.Build.0 = Debug|x64
		{285327BD-5CBA-4087-A356-01941741863D}.Debug|x86.ActiveCfg = Debug|Win32
		{285327BD-5CBA-4087-A356-01941741863D}.Debug|x86.Build.0 = Debug|Win32
		{285327BD-5CBA-4087-A356-01941741863D}.Release|x64.ActiveCfg = Release|x64
		{285327BD-5CBA-4087-A356-01941741863D}.Release|x64.Build.0 = Release|x64
		{285327BD-5CBA-4087-A356-01941741863D}.Release|x86.ActiveCfg = Release|Win32
		{285327BD-5CBA-4087-A356-01941741863D}.Release|x86.Build.0 = Release|Win32
		{C04DFDD2-3675-42D9-9CC8-36C2FC21CB6E}.Debug|x64.ActiveCfg = Debug|x64
		{C04DFDD2-3675-42D9-9CC8-36C2FC21CB6E}.Debug|x64.Build.0 = Debug|x64
		{C04DFDD2-3675-42D9-9CC8-36C2FC21CB6E}.Debug|x86.ActiveCfg = Debug|Win32
		{C04DFDD2-3675-42D9-9CC8-36C2FC21CB6E}.Debug|x86.Build.0 = Debug|Win32
		{C04DFDD2-3675-42D9-9CC8-36C2FC21CB6E}.Release|x64.ActiveCfg = Release|x64
		{C04DFDD2-3675-42D9-9CC8-36C2FC21CB6E}.Release|x64.Build.0 = Release|x64
		{C04DFDD2-3675-42D9-9CC8-36C2FC21CB6E}.Release|x86.ActiveCfg = Release|Win32
		{C04DFDD2-3675-42D9-9CC8-36C2FC21CB6E}.Release|x86.Build.0 = Release|Win32
		{2CA26E23-DDF7-4D46-B712-A9EB13DC60ED}.Debug|x64.ActiveCfg = Debug|x64
		{2CA26E23-DDF7-4D46-B712-A9EB13DC60ED}.Debug|x64.Build.0 = Debug|x64
		{2CA26E23-DDF7-4D46-B712-A9EB13DC60ED}.Debug|x86.ActiveCfg = Debug|Win32
		{2CA26E23-DDF7-4D46-B712-A9EB13DC60ED}.Debug|x86.Build.0 = Debug|Win32
		{2CA26E23-DDF7-4D46-B712-A9EB13DC60ED}.Release|x64.ActiveCfg = Release|x64
		{2CA26E23-DDF7-4D46-B712-A9EB13DC60ED}.Release|x64.Build.0 = Release|x64
		{2CA26E23-DDF7-4D46-B712-A9EB13DC60ED}.Release|x86.ActiveCfg = Release|Win32
		{2CA26E23-DDF7-4D46-B712-A9EB13DC60ED}.Release|x86.Build.0 = Release|Win32
		{11CC15C0-F033-4F44-9255-6F185704F5C7}.Debug|x64.ActiveCfg = Debug|x64
		{11CC15C0-F033-4F44-9255-6F185704F5C7}.Debug|x64.Build.0 = Debug|x64
		{11CC15C0-F033-4F44-9255-6F185704F5C7}.Debug|x86.ActiveCfg = Debug|Win32
		{11CC15C0-F033-4F44-9255-6F185704F5C7}.Debug|x86.Build.0 = Debug|Win32
		{11CC15C0-F033-4F44-9255-6F185704F5C7}.Release|x64.ActiveCfg = Release|x64
		{11CC15C0-F033-4F44-9255-6F185704F5C7}.Release|x64.Build.0 = Release|x64
		{11CC15C0-F033-4F44-9255-6F185704F5C7}.Release|x86.ActiveCfg = Release|Win32
		{11CC15C0-F033-4F44-9255-6F185704F5C7}.Release|x86.Build.0 = Release|Win32
		{7E9C442F-8FE8-4425-A797-C8EBB3C7197D}.Debug|x64.ActiveCfg = Debug|x64
		{7E9C442F-8FE8-4425-A797-C8EBB3C7197D}.Debug|x64.Build.0 = Debug|x64
		{7E9C442F-8FE8-4425-A797-C8EBB3C7197D}.Debug|x86.ActiveCfg = Debug|Win32
		{7E9C442F-8FE8-4425-A797-C8EBB3C7197D}.Debug|x86.Build.0 = Debug|Win32
		{7E9C442F-8FE8-4425-A797-C8EBB3C7197D}.Release|x64.ActiveCfg = Release|x64
		{7E9C442F-8FE8-4425-A797-C8EBB3C7197D}.Release|x64.Build.0 = Release|x64
		{7E9C442F-8FE8-4425-A797-C8EBB3C7197D}.Release|x86.ActiveCfg = Release|Win32
		{7E9C442F-8FE8-4425-A797-C8EBB3C7197D}.Release|x86.Build.0 = Release|Win32
		{BAE5CD72-B97E-4F7A-B6B9-BEA3A34F5D75}.Debug|x64.ActiveCfg = Debug|x64
		{BAE5CD72-B97E-4F7A-B6B9-BEA3A34F5D75}.Debug|x64.Build.0 = Debug|x64
		{BAE5CD72-B97E-4F7A-B6B9-BEA3A34F5D75}.Debug|x86.ActiveCfg = Debug|Win32
		{BAE5CD72-B97E-4F7A-B6B9-BEA3A34F5D75}.Debug|x86.Build.0 = Debug|Win32
		{BAE5CD72-B97E-4F7A-B6B9-BEA3A34F5D75}.Release|x64.ActiveCfg = Release|x64
		{BAE5CD72-B97E-4F7A-B6B9-BEA3A34F5D75}.Release|x64.Build.0 = Release|x64
		{BAE5CD72-B97E-4F7A-B6B9-BEA3A34F5D75}.Release|x86.ActiveCfg = Release|Win32
		{BAE5CD72-B97E-4F7A-B6B9-BEA3A34F5D75}.Release|x86.Build.0 = Release|Win32
		{3A5CA9C7-1956-4740-B04D-15FCCDF2393C}.Debug|x64.ActiveCfg = Debug|x64
		{3A5CA9C7-1956-4740-B04D-15FCCDF2393C}.Debug|x64.Build.0 = Debug|x64
		{3A5CA9C7-1956-4740-B04D-15FCCDF2393C}.Debug|x86.ActiveCfg = Debug|Win32
		{3A5CA9C7-1956-4740-B04D-15FCCDF2393C}.Debug|x86.Build.0 = Debug|Win32
		{3A5CA9C7-1956-4740-B04D-15FCCDF2393C}.Release|x64.ActiveCfg = Release|x64
		{3A5CA9C7-1956-4740-B04D-15FCCDF2393C}.Release|x64.Build.0 = Release|x64
		{3A5CA9C7-1956-4740-B04D-15FCCDF2393C}.Release|x86.ActiveCfg = Release|Win32
		{3A5CA9C7-1956-4740-B04D-15FCCDF2393C}.Release|x86.Build.0 = Release|Win32
		{FA2DB27E-29CD-4B5A-B90C-C1018231E682}.Debug|x64.ActiveCfg = Debug|x64
		{FA2DB27E-29CD-4B5A-B90C-C1018231E682}.Debug|x64.Build.0 = Debug|x64
		{FA2DB27E-29CD-4B5A-B90C-C1018231E682}.Debug|x86.ActiveCfg = Debug|Win32
		{FA2DB27E-29CD-4B5A-B90C-C1018231E682}.Debug|x86.Build.0 = Debug|Win32
		{FA2DB27E-29CD-4B5A-B90C-C1018231E682}.Release|x64.ActiveCfg = Release|x64
		{FA2DB27E-29CD-4B5A-B90C-C1018231E682}.Release|x64.Build.0 = Release|x64
		{FA2DB27E-29CD-4B5A-B90C-C1018231E682}.Release|x86.ActiveCfg = Release|Win32
		{FA2DB27E-29CD-4B5A-B90C-C1018231E682}.Release|x86.Build.0 = Release|Win32
	EndGlobalSection
	GlobalSection(SolutionProperties) = preSolution
		HideSolutionNode = FALSE
	EndGlobalSection
	GlobalSection(ExtensibilityGlobals) = postSolution
		SolutionGuid = {B19E5599-7DD4-44C5-B4A2-B06C2F28671D}
	EndGlobalSection
EndGlobal
